// !$*UTF8*$!
{
	archiveVersion = 1;
	classes = {
	};
	objectVersion = 56;
	objects = {

/* Begin PBXBuildFile section */
		47190B3B2938333C00286341 /* ExploreRSADecodeView.swift in Sources */ = {isa = PBXBuildFile; fileRef = 47190B3A2938333C00286341 /* ExploreRSADecodeView.swift */; };
		472934AD2939652B00BF85A8 /* ErrorMessages.swift in Sources */ = {isa = PBXBuildFile; fileRef = 472934AC2939652B00BF85A8 /* ErrorMessages.swift */; };
		474F9035292B11B500F5E858 /* EncodedMessageOutputList.swift in Sources */ = {isa = PBXBuildFile; fileRef = 474F9034292B11B500F5E858 /* EncodedMessageOutputList.swift */; };
		47636E68290B4384006C3124 /* LearningRSAApp.swift in Sources */ = {isa = PBXBuildFile; fileRef = 47636E67290B4384006C3124 /* LearningRSAApp.swift */; };
		47636E6A290B4384006C3124 /* ContentView.swift in Sources */ = {isa = PBXBuildFile; fileRef = 47636E69290B4384006C3124 /* ContentView.swift */; };
		47636E6C290B4385006C3124 /* Assets.xcassets in Resources */ = {isa = PBXBuildFile; fileRef = 47636E6B290B4385006C3124 /* Assets.xcassets */; };
		47636E6F290B4385006C3124 /* Preview Assets.xcassets in Resources */ = {isa = PBXBuildFile; fileRef = 47636E6E290B4385006C3124 /* Preview Assets.xcassets */; };
		47636E76290B4C51006C3124 /* Math.swift in Sources */ = {isa = PBXBuildFile; fileRef = 47636E75290B4C51006C3124 /* Math.swift */; };
		477F3FFB29119335006C6B2E /* GenerateKeysView.swift in Sources */ = {isa = PBXBuildFile; fileRef = 477F3FFA29119335006C6B2E /* GenerateKeysView.swift */; };
		4785B8F4291C4BED00FB2A6E /* CharacterConverter.swift in Sources */ = {isa = PBXBuildFile; fileRef = 4785B8F3291C4BED00FB2A6E /* CharacterConverter.swift */; };
		4792B883290F0BD100ECDDBE /* EnterMessageView.swift in Sources */ = {isa = PBXBuildFile; fileRef = 4792B882290F0BD100ECDDBE /* EnterMessageView.swift */; };
		4792B885290F18DB00ECDDBE /* MessageToNumbersView.swift in Sources */ = {isa = PBXBuildFile; fileRef = 4792B884290F18DB00ECDDBE /* MessageToNumbersView.swift */; };
		4792B887290F1FD000ECDDBE /* EnterEncodePrimesView.swift in Sources */ = {isa = PBXBuildFile; fileRef = 4792B886290F1FD000ECDDBE /* EnterEncodePrimesView.swift */; };
		4796FE32291ACD9E000C33F2 /* WelcomeView.swift in Sources */ = {isa = PBXBuildFile; fileRef = 4796FE31291ACD9E000C33F2 /* WelcomeView.swift */; };
		479D7E78291052030088B47E /* SplitNumbersView.swift in Sources */ = {isa = PBXBuildFile; fileRef = 479D7E77291052030088B47E /* SplitNumbersView.swift */; };
		47A7D8712929B46300B68A13 /* TestAnimations.swift in Sources */ = {isa = PBXBuildFile; fileRef = 47A7D8702929B46300B68A13 /* TestAnimations.swift */; };
		47AA8187293417570009849C /* ExploreRSAView.swift in Sources */ = {isa = PBXBuildFile; fileRef = 47AA8186293417570009849C /* ExploreRSAView.swift */; };
		47C42E9D292DBB5400A2CE59 /* EnterPrimesView.swift in Sources */ = {isa = PBXBuildFile; fileRef = 47C42E9C292DBB5400A2CE59 /* EnterPrimesView.swift */; };
		47DFF68A2911D2D20000D74A /* RSA.swift in Sources */ = {isa = PBXBuildFile; fileRef = 47DFF6892911D2D20000D74A /* RSA.swift */; };
		47DFF68C2911D3E00000D74A /* EncodeMessageView.swift in Sources */ = {isa = PBXBuildFile; fileRef = 47DFF68B2911D3E00000D74A /* EncodeMessageView.swift */; };
		47FE13F62912F24B00DE6886 /* EnterDecodePrimesView.swift in Sources */ = {isa = PBXBuildFile; fileRef = 47FE13F52912F24B00DE6886 /* EnterDecodePrimesView.swift */; };
		47FE13F82913043C00DE6886 /* DecodingMathView.swift in Sources */ = {isa = PBXBuildFile; fileRef = 47FE13F72913043C00DE6886 /* DecodingMathView.swift */; };
		47FE13FA29130C9600DE6886 /* DecodedMessageView.swift in Sources */ = {isa = PBXBuildFile; fileRef = 47FE13F929130C9600DE6886 /* DecodedMessageView.swift */; };
		47FE13FC29131E6700DE6886 /* NumbersToTextView.swift in Sources */ = {isa = PBXBuildFile; fileRef = 47FE13FB29131E6700DE6886 /* NumbersToTextView.swift */; };
/* End PBXBuildFile section */

/* Begin PBXFileReference section */
		47190B3A2938333C00286341 /* ExploreRSADecodeView.swift */ = {isa = PBXFileReference; lastKnownFileType = sourcecode.swift; path = ExploreRSADecodeView.swift; sourceTree = "<group>"; };
		472934AC2939652B00BF85A8 /* ErrorMessages.swift */ = {isa = PBXFileReference; lastKnownFileType = sourcecode.swift; path = ErrorMessages.swift; sourceTree = "<group>"; };
		474F9034292B11B500F5E858 /* EncodedMessageOutputList.swift */ = {isa = PBXFileReference; lastKnownFileType = sourcecode.swift; path = EncodedMessageOutputList.swift; sourceTree = "<group>"; };
		47636E64290B4384006C3124 /* LearningRSA.app */ = {isa = PBXFileReference; explicitFileType = wrapper.application; includeInIndex = 0; path = LearningRSA.app; sourceTree = BUILT_PRODUCTS_DIR; };
		47636E67290B4384006C3124 /* LearningRSAApp.swift */ = {isa = PBXFileReference; lastKnownFileType = sourcecode.swift; path = LearningRSAApp.swift; sourceTree = "<group>"; };
		47636E69290B4384006C3124 /* ContentView.swift */ = {isa = PBXFileReference; lastKnownFileType = sourcecode.swift; path = ContentView.swift; sourceTree = "<group>"; };
		47636E6B290B4385006C3124 /* Assets.xcassets */ = {isa = PBXFileReference; lastKnownFileType = folder.assetcatalog; path = Assets.xcassets; sourceTree = "<group>"; };
		47636E6E290B4385006C3124 /* Preview Assets.xcassets */ = {isa = PBXFileReference; lastKnownFileType = folder.assetcatalog; path = "Preview Assets.xcassets"; sourceTree = "<group>"; };
		47636E75290B4C51006C3124 /* Math.swift */ = {isa = PBXFileReference; lastKnownFileType = sourcecode.swift; path = Math.swift; sourceTree = "<group>"; };
		477F3FFA29119335006C6B2E /* GenerateKeysView.swift */ = {isa = PBXFileReference; lastKnownFileType = sourcecode.swift; path = GenerateKeysView.swift; sourceTree = "<group>"; };
		4785B8F3291C4BED00FB2A6E /* CharacterConverter.swift */ = {isa = PBXFileReference; lastKnownFileType = sourcecode.swift; path = CharacterConverter.swift; sourceTree = "<group>"; };
		4792B882290F0BD100ECDDBE /* EnterMessageView.swift */ = {isa = PBXFileReference; lastKnownFileType = sourcecode.swift; path = EnterMessageView.swift; sourceTree = "<group>"; };
		4792B884290F18DB00ECDDBE /* MessageToNumbersView.swift */ = {isa = PBXFileReference; lastKnownFileType = sourcecode.swift; path = MessageToNumbersView.swift; sourceTree = "<group>"; };
		4792B886290F1FD000ECDDBE /* EnterEncodePrimesView.swift */ = {isa = PBXFileReference; lastKnownFileType = sourcecode.swift; path = EnterEncodePrimesView.swift; sourceTree = "<group>"; };
		4796FE31291ACD9E000C33F2 /* WelcomeView.swift */ = {isa = PBXFileReference; lastKnownFileType = sourcecode.swift; path = WelcomeView.swift; sourceTree = "<group>"; };
		479D7E77291052030088B47E /* SplitNumbersView.swift */ = {isa = PBXFileReference; lastKnownFileType = sourcecode.swift; path = SplitNumbersView.swift; sourceTree = "<group>"; };
		47A7D8702929B46300B68A13 /* TestAnimations.swift */ = {isa = PBXFileReference; lastKnownFileType = sourcecode.swift; path = TestAnimations.swift; sourceTree = "<group>"; };
		47AA8186293417570009849C /* ExploreRSAView.swift */ = {isa = PBXFileReference; lastKnownFileType = sourcecode.swift; path = ExploreRSAView.swift; sourceTree = "<group>"; };
		47C42E9C292DBB5400A2CE59 /* EnterPrimesView.swift */ = {isa = PBXFileReference; lastKnownFileType = sourcecode.swift; path = EnterPrimesView.swift; sourceTree = "<group>"; };
		47DFF6892911D2D20000D74A /* RSA.swift */ = {isa = PBXFileReference; lastKnownFileType = sourcecode.swift; path = RSA.swift; sourceTree = "<group>"; };
		47DFF68B2911D3E00000D74A /* EncodeMessageView.swift */ = {isa = PBXFileReference; lastKnownFileType = sourcecode.swift; path = EncodeMessageView.swift; sourceTree = "<group>"; };
		47FE13F52912F24B00DE6886 /* EnterDecodePrimesView.swift */ = {isa = PBXFileReference; lastKnownFileType = sourcecode.swift; path = EnterDecodePrimesView.swift; sourceTree = "<group>"; };
		47FE13F72913043C00DE6886 /* DecodingMathView.swift */ = {isa = PBXFileReference; lastKnownFileType = sourcecode.swift; path = DecodingMathView.swift; sourceTree = "<group>"; };
		47FE13F929130C9600DE6886 /* DecodedMessageView.swift */ = {isa = PBXFileReference; lastKnownFileType = sourcecode.swift; path = DecodedMessageView.swift; sourceTree = "<group>"; };
		47FE13FB29131E6700DE6886 /* NumbersToTextView.swift */ = {isa = PBXFileReference; lastKnownFileType = sourcecode.swift; path = NumbersToTextView.swift; sourceTree = "<group>"; };
/* End PBXFileReference section */

/* Begin PBXFrameworksBuildPhase section */
		47636E61290B4384006C3124 /* Frameworks */ = {
			isa = PBXFrameworksBuildPhase;
			buildActionMask = 2147483647;
			files = (
			);
			runOnlyForDeploymentPostprocessing = 0;
		};
/* End PBXFrameworksBuildPhase section */

/* Begin PBXGroup section */
		47636E5B290B4384006C3124 = {
			isa = PBXGroup;
			children = (
				47636E66290B4384006C3124 /* LearningRSA */,
				47636E65290B4384006C3124 /* Products */,
			);
			sourceTree = "<group>";
		};
		47636E65290B4384006C3124 /* Products */ = {
			isa = PBXGroup;
			children = (
				47636E64290B4384006C3124 /* LearningRSA.app */,
			);
			name = Products;
			sourceTree = "<group>";
		};
		47636E66290B4384006C3124 /* LearningRSA */ = {
			isa = PBXGroup;
			children = (
				47AA8185293416B20009849C /* ExploreRSA */,
				4785B8F2291C4A7E00FB2A6E /* DecodingViews */,
				4785B8F1291C4A7800FB2A6E /* EncodingViews */,
				4785B8F0291C4A7200FB2A6E /* Model */,
				47636E67290B4384006C3124 /* LearningRSAApp.swift */,
				47636E69290B4384006C3124 /* ContentView.swift */,
				47636E6B290B4385006C3124 /* Assets.xcassets */,
				47636E6D290B4385006C3124 /* Preview Content */,
			);
			path = LearningRSA;
			sourceTree = "<group>";
		};
		47636E6D290B4385006C3124 /* Preview Content */ = {
			isa = PBXGroup;
			children = (
				47636E6E290B4385006C3124 /* Preview Assets.xcassets */,
			);
			path = "Preview Content";
			sourceTree = "<group>";
		};
		4785B8F0291C4A7200FB2A6E /* Model */ = {
			isa = PBXGroup;
			children = (
				47636E75290B4C51006C3124 /* Math.swift */,
				47DFF6892911D2D20000D74A /* RSA.swift */,
				4785B8F3291C4BED00FB2A6E /* CharacterConverter.swift */,
				472934AC2939652B00BF85A8 /* ErrorMessages.swift */,
			);
			path = Model;
			sourceTree = "<group>";
		};
		4785B8F1291C4A7800FB2A6E /* EncodingViews */ = {
			isa = PBXGroup;
			children = (
				4796FE31291ACD9E000C33F2 /* WelcomeView.swift */,
				4792B882290F0BD100ECDDBE /* EnterMessageView.swift */,
				4792B884290F18DB00ECDDBE /* MessageToNumbersView.swift */,
				4792B886290F1FD000ECDDBE /* EnterEncodePrimesView.swift */,
				479D7E77291052030088B47E /* SplitNumbersView.swift */,
				477F3FFA29119335006C6B2E /* GenerateKeysView.swift */,
				47DFF68B2911D3E00000D74A /* EncodeMessageView.swift */,
				47A7D8702929B46300B68A13 /* TestAnimations.swift */,
				474F9034292B11B500F5E858 /* EncodedMessageOutputList.swift */,
			);
			path = EncodingViews;
			sourceTree = "<group>";
		};
		4785B8F2291C4A7E00FB2A6E /* DecodingViews */ = {
			isa = PBXGroup;
			children = (
				47FE13F52912F24B00DE6886 /* EnterDecodePrimesView.swift */,
				47C42E9C292DBB5400A2CE59 /* EnterPrimesView.swift */,
				47FE13F72913043C00DE6886 /* DecodingMathView.swift */,
				47FE13F929130C9600DE6886 /* DecodedMessageView.swift */,
				47FE13FB29131E6700DE6886 /* NumbersToTextView.swift */,
			);
			path = DecodingViews;
			sourceTree = "<group>";
		};
		47AA8185293416B20009849C /* ExploreRSA */ = {
			isa = PBXGroup;
			children = (
				47AA8186293417570009849C /* ExploreRSAView.swift */,
				47190B3A2938333C00286341 /* ExploreRSADecodeView.swift */,
			);
			path = ExploreRSA;
			sourceTree = "<group>";
		};
/* End PBXGroup section */

/* Begin PBXNativeTarget section */
		47636E63290B4384006C3124 /* LearningRSA */ = {
			isa = PBXNativeTarget;
			buildConfigurationList = 47636E72290B4385006C3124 /* Build configuration list for PBXNativeTarget "LearningRSA" */;
			buildPhases = (
				47636E60290B4384006C3124 /* Sources */,
				47636E61290B4384006C3124 /* Frameworks */,
				47636E62290B4384006C3124 /* Resources */,
			);
			buildRules = (
			);
			dependencies = (
			);
			name = LearningRSA;
			productName = LearningRSA;
			productReference = 47636E64290B4384006C3124 /* LearningRSA.app */;
			productType = "com.apple.product-type.application";
		};
/* End PBXNativeTarget section */

/* Begin PBXProject section */
		47636E5C290B4384006C3124 /* Project object */ = {
			isa = PBXProject;
			attributes = {
				BuildIndependentTargetsInParallel = 1;
				LastSwiftUpdateCheck = 1400;
				LastUpgradeCheck = 1400;
				TargetAttributes = {
					47636E63290B4384006C3124 = {
						CreatedOnToolsVersion = 14.0.1;
					};
				};
			};
			buildConfigurationList = 47636E5F290B4384006C3124 /* Build configuration list for PBXProject "LearningRSA" */;
			compatibilityVersion = "Xcode 14.0";
			developmentRegion = en;
			hasScannedForEncodings = 0;
			knownRegions = (
				en,
				Base,
			);
			mainGroup = 47636E5B290B4384006C3124;
			productRefGroup = 47636E65290B4384006C3124 /* Products */;
			projectDirPath = "";
			projectRoot = "";
			targets = (
				47636E63290B4384006C3124 /* LearningRSA */,
			);
		};
/* End PBXProject section */

/* Begin PBXResourcesBuildPhase section */
		47636E62290B4384006C3124 /* Resources */ = {
			isa = PBXResourcesBuildPhase;
			buildActionMask = 2147483647;
			files = (
				47636E6F290B4385006C3124 /* Preview Assets.xcassets in Resources */,
				47636E6C290B4385006C3124 /* Assets.xcassets in Resources */,
			);
			runOnlyForDeploymentPostprocessing = 0;
		};
/* End PBXResourcesBuildPhase section */

/* Begin PBXSourcesBuildPhase section */
		47636E60290B4384006C3124 /* Sources */ = {
			isa = PBXSourcesBuildPhase;
			buildActionMask = 2147483647;
			files = (
				47DFF68C2911D3E00000D74A /* EncodeMessageView.swift in Sources */,
				47A7D8712929B46300B68A13 /* TestAnimations.swift in Sources */,
				47FE13FC29131E6700DE6886 /* NumbersToTextView.swift in Sources */,
				47636E6A290B4384006C3124 /* ContentView.swift in Sources */,
				4792B885290F18DB00ECDDBE /* MessageToNumbersView.swift in Sources */,
				479D7E78291052030088B47E /* SplitNumbersView.swift in Sources */,
				472934AD2939652B00BF85A8 /* ErrorMessages.swift in Sources */,
				47FE13FA29130C9600DE6886 /* DecodedMessageView.swift in Sources */,
				477F3FFB29119335006C6B2E /* GenerateKeysView.swift in Sources */,
				47636E68290B4384006C3124 /* LearningRSAApp.swift in Sources */,
				4785B8F4291C4BED00FB2A6E /* CharacterConverter.swift in Sources */,
				4792B887290F1FD000ECDDBE /* EnterEncodePrimesView.swift in Sources */,
				47636E76290B4C51006C3124 /* Math.swift in Sources */,
				47190B3B2938333C00286341 /* ExploreRSADecodeView.swift in Sources */,
				4796FE32291ACD9E000C33F2 /* WelcomeView.swift in Sources */,
				4792B883290F0BD100ECDDBE /* EnterMessageView.swift in Sources */,
				47FE13F62912F24B00DE6886 /* EnterDecodePrimesView.swift in Sources */,
				47AA8187293417570009849C /* ExploreRSAView.swift in Sources */,
				474F9035292B11B500F5E858 /* EncodedMessageOutputList.swift in Sources */,
				47C42E9D292DBB5400A2CE59 /* EnterPrimesView.swift in Sources */,
				47DFF68A2911D2D20000D74A /* RSA.swift in Sources */,
				47FE13F82913043C00DE6886 /* DecodingMathView.swift in Sources */,
			);
			runOnlyForDeploymentPostprocessing = 0;
		};
/* End PBXSourcesBuildPhase section */

/* Begin XCBuildConfiguration section */
		47636E70290B4385006C3124 /* Debug */ = {
			isa = XCBuildConfiguration;
			buildSettings = {
				ALWAYS_SEARCH_USER_PATHS = NO;
				CLANG_ANALYZER_NONNULL = YES;
				CLANG_ANALYZER_NUMBER_OBJECT_CONVERSION = YES_AGGRESSIVE;
				CLANG_CXX_LANGUAGE_STANDARD = "gnu++20";
				CLANG_ENABLE_MODULES = YES;
				CLANG_ENABLE_OBJC_ARC = YES;
				CLANG_ENABLE_OBJC_WEAK = YES;
				CLANG_WARN_BLOCK_CAPTURE_AUTORELEASING = YES;
				CLANG_WARN_BOOL_CONVERSION = YES;
				CLANG_WARN_COMMA = YES;
				CLANG_WARN_CONSTANT_CONVERSION = YES;
				CLANG_WARN_DEPRECATED_OBJC_IMPLEMENTATIONS = YES;
				CLANG_WARN_DIRECT_OBJC_ISA_USAGE = YES_ERROR;
				CLANG_WARN_DOCUMENTATION_COMMENTS = YES;
				CLANG_WARN_EMPTY_BODY = YES;
				CLANG_WARN_ENUM_CONVERSION = YES;
				CLANG_WARN_INFINITE_RECURSION = YES;
				CLANG_WARN_INT_CONVERSION = YES;
				CLANG_WARN_NON_LITERAL_NULL_CONVERSION = YES;
				CLANG_WARN_OBJC_IMPLICIT_RETAIN_SELF = YES;
				CLANG_WARN_OBJC_LITERAL_CONVERSION = YES;
				CLANG_WARN_OBJC_ROOT_CLASS = YES_ERROR;
				CLANG_WARN_QUOTED_INCLUDE_IN_FRAMEWORK_HEADER = YES;
				CLANG_WARN_RANGE_LOOP_ANALYSIS = YES;
				CLANG_WARN_STRICT_PROTOTYPES = YES;
				CLANG_WARN_SUSPICIOUS_MOVE = YES;
				CLANG_WARN_UNGUARDED_AVAILABILITY = YES_AGGRESSIVE;
				CLANG_WARN_UNREACHABLE_CODE = YES;
				CLANG_WARN__DUPLICATE_METHOD_MATCH = YES;
				COPY_PHASE_STRIP = NO;
				DEBUG_INFORMATION_FORMAT = dwarf;
				ENABLE_STRICT_OBJC_MSGSEND = YES;
				ENABLE_TESTABILITY = YES;
				GCC_C_LANGUAGE_STANDARD = gnu11;
				GCC_DYNAMIC_NO_PIC = NO;
				GCC_NO_COMMON_BLOCKS = YES;
				GCC_OPTIMIZATION_LEVEL = 0;
				GCC_PREPROCESSOR_DEFINITIONS = (
					"DEBUG=1",
					"$(inherited)",
				);
				GCC_WARN_64_TO_32_BIT_CONVERSION = YES;
				GCC_WARN_ABOUT_RETURN_TYPE = YES_ERROR;
				GCC_WARN_UNDECLARED_SELECTOR = YES;
				GCC_WARN_UNINITIALIZED_AUTOS = YES_AGGRESSIVE;
				GCC_WARN_UNUSED_FUNCTION = YES;
				GCC_WARN_UNUSED_VARIABLE = YES;
				IPHONEOS_DEPLOYMENT_TARGET = 16.0;
				MTL_ENABLE_DEBUG_INFO = INCLUDE_SOURCE;
				MTL_FAST_MATH = YES;
				ONLY_ACTIVE_ARCH = YES;
				SDKROOT = iphoneos;
				SWIFT_ACTIVE_COMPILATION_CONDITIONS = DEBUG;
				SWIFT_OPTIMIZATION_LEVEL = "-Onone";
			};
			name = Debug;
		};
		47636E71290B4385006C3124 /* Release */ = {
			isa = XCBuildConfiguration;
			buildSettings = {
				ALWAYS_SEARCH_USER_PATHS = NO;
				CLANG_ANALYZER_NONNULL = YES;
				CLANG_ANALYZER_NUMBER_OBJECT_CONVERSION = YES_AGGRESSIVE;
				CLANG_CXX_LANGUAGE_STANDARD = "gnu++20";
				CLANG_ENABLE_MODULES = YES;
				CLANG_ENABLE_OBJC_ARC = YES;
				CLANG_ENABLE_OBJC_WEAK = YES;
				CLANG_WARN_BLOCK_CAPTURE_AUTORELEASING = YES;
				CLANG_WARN_BOOL_CONVERSION = YES;
				CLANG_WARN_COMMA = YES;
				CLANG_WARN_CONSTANT_CONVERSION = YES;
				CLANG_WARN_DEPRECATED_OBJC_IMPLEMENTATIONS = YES;
				CLANG_WARN_DIRECT_OBJC_ISA_USAGE = YES_ERROR;
				CLANG_WARN_DOCUMENTATION_COMMENTS = YES;
				CLANG_WARN_EMPTY_BODY = YES;
				CLANG_WARN_ENUM_CONVERSION = YES;
				CLANG_WARN_INFINITE_RECURSION = YES;
				CLANG_WARN_INT_CONVERSION = YES;
				CLANG_WARN_NON_LITERAL_NULL_CONVERSION = YES;
				CLANG_WARN_OBJC_IMPLICIT_RETAIN_SELF = YES;
				CLANG_WARN_OBJC_LITERAL_CONVERSION = YES;
				CLANG_WARN_OBJC_ROOT_CLASS = YES_ERROR;
				CLANG_WARN_QUOTED_INCLUDE_IN_FRAMEWORK_HEADER = YES;
				CLANG_WARN_RANGE_LOOP_ANALYSIS = YES;
				CLANG_WARN_STRICT_PROTOTYPES = YES;
				CLANG_WARN_SUSPICIOUS_MOVE = YES;
				CLANG_WARN_UNGUARDED_AVAILABILITY = YES_AGGRESSIVE;
				CLANG_WARN_UNREACHABLE_CODE = YES;
				CLANG_WARN__DUPLICATE_METHOD_MATCH = YES;
				COPY_PHASE_STRIP = NO;
				DEBUG_INFORMATION_FORMAT = "dwarf-with-dsym";
				ENABLE_NS_ASSERTIONS = NO;
				ENABLE_STRICT_OBJC_MSGSEND = YES;
				GCC_C_LANGUAGE_STANDARD = gnu11;
				GCC_NO_COMMON_BLOCKS = YES;
				GCC_WARN_64_TO_32_BIT_CONVERSION = YES;
				GCC_WARN_ABOUT_RETURN_TYPE = YES_ERROR;
				GCC_WARN_UNDECLARED_SELECTOR = YES;
				GCC_WARN_UNINITIALIZED_AUTOS = YES_AGGRESSIVE;
				GCC_WARN_UNUSED_FUNCTION = YES;
				GCC_WARN_UNUSED_VARIABLE = YES;
				IPHONEOS_DEPLOYMENT_TARGET = 16.0;
				MTL_ENABLE_DEBUG_INFO = NO;
				MTL_FAST_MATH = YES;
				SDKROOT = iphoneos;
				SWIFT_COMPILATION_MODE = wholemodule;
				SWIFT_OPTIMIZATION_LEVEL = "-O";
				VALIDATE_PRODUCT = YES;
			};
			name = Release;
		};
		47636E73290B4385006C3124 /* Debug */ = {
			isa = XCBuildConfiguration;
			buildSettings = {
				ASSETCATALOG_COMPILER_APPICON_NAME = AppIcon;
				ASSETCATALOG_COMPILER_GLOBAL_ACCENT_COLOR_NAME = AccentColor;
				CODE_SIGN_STYLE = Automatic;
				CURRENT_PROJECT_VERSION = 1;
				DEVELOPMENT_ASSET_PATHS = "\"LearningRSA/Preview Content\"";
				ENABLE_PREVIEWS = YES;
				GENERATE_INFOPLIST_FILE = YES;
				INFOPLIST_KEY_UIApplicationSceneManifest_Generation = YES;
				INFOPLIST_KEY_UIApplicationSupportsIndirectInputEvents = YES;
				INFOPLIST_KEY_UILaunchScreen_Generation = YES;
				INFOPLIST_KEY_UISupportedInterfaceOrientations_iPad = "UIInterfaceOrientationPortrait UIInterfaceOrientationPortraitUpsideDown UIInterfaceOrientationLandscapeLeft UIInterfaceOrientationLandscapeRight";
				INFOPLIST_KEY_UISupportedInterfaceOrientations_iPhone = "UIInterfaceOrientationPortrait UIInterfaceOrientationLandscapeLeft UIInterfaceOrientationLandscapeRight";
				LD_RUNPATH_SEARCH_PATHS = (
					"$(inherited)",
					"@executable_path/Frameworks",
				);
				MARKETING_VERSION = 1.0;
				PRODUCT_BUNDLE_IDENTIFIER = com.govinvatsan.LearningRSA;
				PRODUCT_NAME = "$(TARGET_NAME)";
				SWIFT_EMIT_LOC_STRINGS = YES;
				SWIFT_VERSION = 5.0;
				TARGETED_DEVICE_FAMILY = "1,2";
			};
			name = Debug;
		};
		47636E74290B4385006C3124 /* Release */ = {
			isa = XCBuildConfiguration;
			buildSettings = {
				ASSETCATALOG_COMPILER_APPICON_NAME = AppIcon;
				ASSETCATALOG_COMPILER_GLOBAL_ACCENT_COLOR_NAME = AccentColor;
				CODE_SIGN_STYLE = Automatic;
				CURRENT_PROJECT_VERSION = 1;
				DEVELOPMENT_ASSET_PATHS = "\"LearningRSA/Preview Content\"";
				ENABLE_PREVIEWS = YES;
				GENERATE_INFOPLIST_FILE = YES;
				INFOPLIST_KEY_UIApplicationSceneManifest_Generation = YES;
				INFOPLIST_KEY_UIApplicationSupportsIndirectInputEvents = YES;
				INFOPLIST_KEY_UILaunchScreen_Generation = YES;
				INFOPLIST_KEY_UISupportedInterfaceOrientations_iPad = "UIInterfaceOrientationPortrait UIInterfaceOrientationPortraitUpsideDown UIInterfaceOrientationLandscapeLeft UIInterfaceOrientationLandscapeRight";
				INFOPLIST_KEY_UISupportedInterfaceOrientations_iPhone = "UIInterfaceOrientationPortrait UIInterfaceOrientationLandscapeLeft UIInterfaceOrientationLandscapeRight";
				LD_RUNPATH_SEARCH_PATHS = (
					"$(inherited)",
					"@executable_path/Frameworks",
				);
				MARKETING_VERSION = 1.0;
				PRODUCT_BUNDLE_IDENTIFIER = com.govinvatsan.LearningRSA;
				PRODUCT_NAME = "$(TARGET_NAME)";
				SWIFT_EMIT_LOC_STRINGS = YES;
				SWIFT_VERSION = 5.0;
				TARGETED_DEVICE_FAMILY = "1,2";
			};
			name = Release;
		};
/* End XCBuildConfiguration section */

/* Begin XCConfigurationList section */
		47636E5F290B4384006C3124 /* Build configuration list for PBXProject "LearningRSA" */ = {
			isa = XCConfigurationList;
			buildConfigurations = (
				47636E70290B4385006C3124 /* Debug */,
				47636E71290B4385006C3124 /* Release */,
			);
			defaultConfigurationIsVisible = 0;
			defaultConfigurationName = Release;
		};
		47636E72290B4385006C3124 /* Build configuration list for PBXNativeTarget "LearningRSA" */ = {
			isa = XCConfigurationList;
			buildConfigurations = (
				47636E73290B4385006C3124 /* Debug */,
				47636E74290B4385006C3124 /* Release */,
			);
			defaultConfigurationIsVisible = 0;
			defaultConfigurationName = Release;
		};
/* End XCConfigurationList section */
	};
	rootObject = 47636E5C290B4384006C3124 /* Project object */;
}
